schema: '2.0'
stages:
  fix_spaces:
    cmd: sed 's/, /,/g' data/raw/census.csv > data/processed/census-fix-spaces.csv
    deps:
    - path: data/raw/census.csv
      md5: 145de00f6e6053d3f7044628f9a5b5ff
      size: 3974474
    outs:
    - path: data/processed/census-fix-spaces.csv
      md5: 12c208530a5680c15ae19b34152286dd
      size: 3518606
  remove_dups:
    cmd: awk '{counts[$0]++;if (counts[$0] == 1) {print $0}}' data/processed/census-fix-spaces.csv
      > data/processed/census-fix-spaces-nodups.csv
    deps:
    - path: data/processed/census-fix-spaces.csv
      md5: 12c208530a5680c15ae19b34152286dd
      size: 3518606
    outs:
    - path: data/processed/census-fix-spaces-nodups.csv
      md5: 23c4db7107d7efeb08e467e1405d3234
      size: 3515984
  train_eval_model:
    cmd: python3 starter/train_model.py
    deps:
    - path: data/processed/census-fix-spaces-nodups.csv
      md5: 23c4db7107d7efeb08e467e1405d3234
      size: 3515984
    - path: starter/train_model.py
      md5: 8d4e2cf6008e079d34567624d3af215a
      size: 4901
    outs:
    - path: data/train_test_data/X_test.joblib
      md5: 7619639aa0752a39ac907ec1d852333d
      size: 5623098
    - path: data/train_test_data/X_train.joblib
      md5: d3672bef37f0d03d2d2269415c33187a
      size: 22489242
    - path: model/encoder.joblib
      md5: a553f204feb7d25cff7013915fd7ce8a
      size: 3898
    - path: model/lb.joblib
      md5: 68d67643c2f11e180eaa335146ade2ea
      size: 403
    - path: model/model.joblib
      md5: b761b727e3dc5fb9ddb734d447b2d5b8
      size: 7706
    - path: model/slice_output.txt
      md5: 2a1685cdbb236f0e74e332100dda759e
      size: 9373
    - path: model/summary.json
      md5: d3e1843c821f42ea8340743309633f9d
      size: 268
