schema: '2.0'
stages:
  fix_spaces:
    cmd: sed 's/, /,/g' data/raw/census.csv > data/processed/census-fix-spaces.csv
    deps:
    - path: data/raw/census.csv
      md5: 145de00f6e6053d3f7044628f9a5b5ff
      size: 3974474
    outs:
    - path: data/processed/census-fix-spaces.csv
      md5: 12c208530a5680c15ae19b34152286dd
      size: 3518606
  remove_dups:
    cmd: awk '{counts[$0]++;if (counts[$0] == 1) {print $0}}' data/processed/census-fix-spaces.csv
      > data/processed/census-fix-spaces-nodups.csv
    deps:
    - path: data/processed/census-fix-spaces.csv
      md5: 12c208530a5680c15ae19b34152286dd
      size: 3518606
    outs:
    - path: data/processed/census-fix-spaces-nodups.csv
      md5: 23c4db7107d7efeb08e467e1405d3234
      size: 3515984
  train_eval_model:
    cmd: python3 starter/train_model.py
    deps:
    - path: data/processed/census-fix-spaces-nodups.csv
      md5: 23c4db7107d7efeb08e467e1405d3234
      size: 3515984
    - path: starter/train_model.py
      md5: 214a8e6f954db365d12bcd63f185e64a
      size: 4849
    outs:
    - path: data/train_test_data/X_test.joblib
      md5: 93a78f45d34eda7cce0095c501285b98
      size: 5571034
    - path: data/train_test_data/X_train.joblib
      md5: 78fc34f9a80ed66da53c54381018820f
      size: 22281010
    - path: model/encoder.joblib
      md5: 93c7e444e4ef273b89739ebb1c9b2df7
      size: 3873
    - path: model/lb.joblib
      md5: 68d67643c2f11e180eaa335146ade2ea
      size: 403
    - path: model/model.joblib
      md5: 31279a417f1ac2bbbc47d0d10337c026
      size: 8138
    - path: model/slice_output.txt
      md5: b05af088b03c3dc88e9d9aa273f407b6
      size: 9373
    - path: model/summary.json
      md5: a0861c1c53ff8dcd84b8e9f162d370f3
      size: 267
